// !$*UTF8*$!
{
	archiveVersion = 1;
	classes = {
	};
	objectVersion = 56;
	objects = {

/* Begin PBXBuildFile section */
		6011E6B02B2E02D7000BB2E7 /* Follower.swift in Sources */ = {isa = PBXBuildFile; fileRef = 6011E6AF2B2E02D7000BB2E7 /* Follower.swift */; };
		6011E6B22B2E0493000BB2E7 /* User.swift in Sources */ = {isa = PBXBuildFile; fileRef = 6011E6B12B2E0493000BB2E7 /* User.swift */; };
		6011E6B52B2E0EA1000BB2E7 /* NetworkManager.swift in Sources */ = {isa = PBXBuildFile; fileRef = 6011E6B42B2E0EA1000BB2E7 /* NetworkManager.swift */; };
		6011E6B82B2FCC58000BB2E7 /* ErrorMessage.swift in Sources */ = {isa = PBXBuildFile; fileRef = 6011E6B72B2FCC58000BB2E7 /* ErrorMessage.swift */; };
		6011E6BB2B3097F1000BB2E7 /* FollowerCell.swift in Sources */ = {isa = PBXBuildFile; fileRef = 6011E6BA2B3097F1000BB2E7 /* FollowerCell.swift */; };
		6011E6BD2B30989B000BB2E7 /* GFAvatarImageView.swift in Sources */ = {isa = PBXBuildFile; fileRef = 6011E6BC2B30989B000BB2E7 /* GFAvatarImageView.swift */; };
		6011E6BF2B31E868000BB2E7 /* UIHelper.swift in Sources */ = {isa = PBXBuildFile; fileRef = 6011E6BE2B31E868000BB2E7 /* UIHelper.swift */; };
		604AC8C62B1D35C600D2E9EC /* AppDelegate.swift in Sources */ = {isa = PBXBuildFile; fileRef = 604AC8C52B1D35C600D2E9EC /* AppDelegate.swift */; };
		604AC8C82B1D35C600D2E9EC /* SceneDelegate.swift in Sources */ = {isa = PBXBuildFile; fileRef = 604AC8C72B1D35C600D2E9EC /* SceneDelegate.swift */; };
		604AC8D02B1D35C600D2E9EC /* GHFollower.xcdatamodeld in Sources */ = {isa = PBXBuildFile; fileRef = 604AC8CE2B1D35C600D2E9EC /* GHFollower.xcdatamodeld */; };
		604AC8D22B1D35C600D2E9EC /* Assets.xcassets in Resources */ = {isa = PBXBuildFile; fileRef = 604AC8D12B1D35C600D2E9EC /* Assets.xcassets */; };
		604AC8D52B1D35C600D2E9EC /* LaunchScreen.storyboard in Resources */ = {isa = PBXBuildFile; fileRef = 604AC8D32B1D35C600D2E9EC /* LaunchScreen.storyboard */; };
		60EFBA822B2A4386004332FE /* SearchVC.swift in Sources */ = {isa = PBXBuildFile; fileRef = 60EFBA812B2A4386004332FE /* SearchVC.swift */; };
		60EFBA842B2A47D1004332FE /* FavoritesListVC.swift in Sources */ = {isa = PBXBuildFile; fileRef = 60EFBA832B2A47D1004332FE /* FavoritesListVC.swift */; };
		60EFBA862B2BA197004332FE /* GFButton.swift in Sources */ = {isa = PBXBuildFile; fileRef = 60EFBA852B2BA197004332FE /* GFButton.swift */; };
		60EFBA882B2BA894004332FE /* GFTextField.swift in Sources */ = {isa = PBXBuildFile; fileRef = 60EFBA872B2BA894004332FE /* GFTextField.swift */; };
		60EFBA8A2B2CCA3F004332FE /* FollowerListVC.swift in Sources */ = {isa = PBXBuildFile; fileRef = 60EFBA892B2CCA3F004332FE /* FollowerListVC.swift */; };
		60EFBA8C2B2CD98C004332FE /* GFTitleLabel.swift in Sources */ = {isa = PBXBuildFile; fileRef = 60EFBA8B2B2CD98C004332FE /* GFTitleLabel.swift */; };
		60EFBA8E2B2CDE08004332FE /* GFBodyLabel.swift in Sources */ = {isa = PBXBuildFile; fileRef = 60EFBA8D2B2CDE08004332FE /* GFBodyLabel.swift */; };
		60EFBA902B2CE0E3004332FE /* GFAlertVC.swift in Sources */ = {isa = PBXBuildFile; fileRef = 60EFBA8F2B2CE0E3004332FE /* GFAlertVC.swift */; };
		60EFBA922B2CEB93004332FE /* UIViewController+Ext.swift in Sources */ = {isa = PBXBuildFile; fileRef = 60EFBA912B2CEB93004332FE /* UIViewController+Ext.swift */; };
/* End PBXBuildFile section */

/* Begin PBXFileReference section */
		6011E6AF2B2E02D7000BB2E7 /* Follower.swift */ = {isa = PBXFileReference; lastKnownFileType = sourcecode.swift; path = Follower.swift; sourceTree = "<group>"; };
		6011E6B12B2E0493000BB2E7 /* User.swift */ = {isa = PBXFileReference; lastKnownFileType = sourcecode.swift; path = User.swift; sourceTree = "<group>"; };
		6011E6B42B2E0EA1000BB2E7 /* NetworkManager.swift */ = {isa = PBXFileReference; lastKnownFileType = sourcecode.swift; path = NetworkManager.swift; sourceTree = "<group>"; };
		6011E6B72B2FCC58000BB2E7 /* ErrorMessage.swift */ = {isa = PBXFileReference; lastKnownFileType = sourcecode.swift; path = ErrorMessage.swift; sourceTree = "<group>"; };
		6011E6BA2B3097F1000BB2E7 /* FollowerCell.swift */ = {isa = PBXFileReference; lastKnownFileType = sourcecode.swift; path = FollowerCell.swift; sourceTree = "<group>"; };
		6011E6BC2B30989B000BB2E7 /* GFAvatarImageView.swift */ = {isa = PBXFileReference; lastKnownFileType = sourcecode.swift; path = GFAvatarImageView.swift; sourceTree = "<group>"; };
		6011E6BE2B31E868000BB2E7 /* UIHelper.swift */ = {isa = PBXFileReference; lastKnownFileType = sourcecode.swift; path = UIHelper.swift; sourceTree = "<group>"; };
		604AC8C22B1D35C600D2E9EC /* GHFollower.app */ = {isa = PBXFileReference; explicitFileType = wrapper.application; includeInIndex = 0; path = GHFollower.app; sourceTree = BUILT_PRODUCTS_DIR; };
		604AC8C52B1D35C600D2E9EC /* AppDelegate.swift */ = {isa = PBXFileReference; lastKnownFileType = sourcecode.swift; path = AppDelegate.swift; sourceTree = "<group>"; };
		604AC8C72B1D35C600D2E9EC /* SceneDelegate.swift */ = {isa = PBXFileReference; lastKnownFileType = sourcecode.swift; path = SceneDelegate.swift; sourceTree = "<group>"; };
		604AC8CF2B1D35C600D2E9EC /* GHFollower.xcdatamodel */ = {isa = PBXFileReference; lastKnownFileType = wrapper.xcdatamodel; path = GHFollower.xcdatamodel; sourceTree = "<group>"; };
		604AC8D12B1D35C600D2E9EC /* Assets.xcassets */ = {isa = PBXFileReference; lastKnownFileType = folder.assetcatalog; path = Assets.xcassets; sourceTree = "<group>"; };
		604AC8D42B1D35C600D2E9EC /* Base */ = {isa = PBXFileReference; lastKnownFileType = file.storyboard; name = Base; path = Base.lproj/LaunchScreen.storyboard; sourceTree = "<group>"; };
		604AC8D62B1D35C600D2E9EC /* Info.plist */ = {isa = PBXFileReference; lastKnownFileType = text.plist.xml; path = Info.plist; sourceTree = "<group>"; };
		60EFBA812B2A4386004332FE /* SearchVC.swift */ = {isa = PBXFileReference; lastKnownFileType = sourcecode.swift; path = SearchVC.swift; sourceTree = "<group>"; };
		60EFBA832B2A47D1004332FE /* FavoritesListVC.swift */ = {isa = PBXFileReference; lastKnownFileType = sourcecode.swift; path = FavoritesListVC.swift; sourceTree = "<group>"; };
		60EFBA852B2BA197004332FE /* GFButton.swift */ = {isa = PBXFileReference; lastKnownFileType = sourcecode.swift; path = GFButton.swift; sourceTree = "<group>"; };
		60EFBA872B2BA894004332FE /* GFTextField.swift */ = {isa = PBXFileReference; lastKnownFileType = sourcecode.swift; path = GFTextField.swift; sourceTree = "<group>"; };
		60EFBA892B2CCA3F004332FE /* FollowerListVC.swift */ = {isa = PBXFileReference; lastKnownFileType = sourcecode.swift; path = FollowerListVC.swift; sourceTree = "<group>"; };
		60EFBA8B2B2CD98C004332FE /* GFTitleLabel.swift */ = {isa = PBXFileReference; lastKnownFileType = sourcecode.swift; path = GFTitleLabel.swift; sourceTree = "<group>"; };
		60EFBA8D2B2CDE08004332FE /* GFBodyLabel.swift */ = {isa = PBXFileReference; lastKnownFileType = sourcecode.swift; path = GFBodyLabel.swift; sourceTree = "<group>"; };
		60EFBA8F2B2CE0E3004332FE /* GFAlertVC.swift */ = {isa = PBXFileReference; lastKnownFileType = sourcecode.swift; path = GFAlertVC.swift; sourceTree = "<group>"; };
		60EFBA912B2CEB93004332FE /* UIViewController+Ext.swift */ = {isa = PBXFileReference; lastKnownFileType = sourcecode.swift; path = "UIViewController+Ext.swift"; sourceTree = "<group>"; };
/* End PBXFileReference section */

/* Begin PBXFrameworksBuildPhase section */
		604AC8BF2B1D35C600D2E9EC /* Frameworks */ = {
			isa = PBXFrameworksBuildPhase;
			buildActionMask = 2147483647;
			files = (
			);
			runOnlyForDeploymentPostprocessing = 0;
		};
/* End PBXFrameworksBuildPhase section */

/* Begin PBXGroup section */
		6011E6AA2B2D33D4000BB2E7 /* Controllers */ = {
			isa = PBXGroup;
			children = (
				60EFBA812B2A4386004332FE /* SearchVC.swift */,
				60EFBA892B2CCA3F004332FE /* FollowerListVC.swift */,
				60EFBA832B2A47D1004332FE /* FavoritesListVC.swift */,
			);
			path = Controllers;
			sourceTree = "<group>";
		};
		6011E6AB2B2D3448000BB2E7 /* Custom Views */ = {
			isa = PBXGroup;
			children = (
				6011E6B92B3097D0000BB2E7 /* Cells */,
				60EFBA8F2B2CE0E3004332FE /* GFAlertVC.swift */,
				60EFBA8D2B2CDE08004332FE /* GFBodyLabel.swift */,
				60EFBA8B2B2CD98C004332FE /* GFTitleLabel.swift */,
				60EFBA872B2BA894004332FE /* GFTextField.swift */,
				60EFBA852B2BA197004332FE /* GFButton.swift */,
				6011E6BC2B30989B000BB2E7 /* GFAvatarImageView.swift */,
			);
			path = "Custom Views";
			sourceTree = "<group>";
		};
		6011E6AC2B2D348B000BB2E7 /* Extensions */ = {
			isa = PBXGroup;
			children = (
				60EFBA912B2CEB93004332FE /* UIViewController+Ext.swift */,
			);
			path = Extensions;
			sourceTree = "<group>";
		};
		6011E6AD2B2D34F3000BB2E7 /* Support */ = {
			isa = PBXGroup;
			children = (
				604AC8C52B1D35C600D2E9EC /* AppDelegate.swift */,
				604AC8C72B1D35C600D2E9EC /* SceneDelegate.swift */,
				604AC8D32B1D35C600D2E9EC /* LaunchScreen.storyboard */,
				604AC8D12B1D35C600D2E9EC /* Assets.xcassets */,
			);
			path = Support;
			sourceTree = "<group>";
		};
		6011E6AE2B2E02C5000BB2E7 /* Model */ = {
			isa = PBXGroup;
			children = (
				6011E6AF2B2E02D7000BB2E7 /* Follower.swift */,
				6011E6B12B2E0493000BB2E7 /* User.swift */,
			);
			path = Model;
			sourceTree = "<group>";
		};
		6011E6B32B2E0E83000BB2E7 /* Managers */ = {
			isa = PBXGroup;
			children = (
				6011E6B42B2E0EA1000BB2E7 /* NetworkManager.swift */,
			);
			path = Managers;
			sourceTree = "<group>";
		};
		6011E6B62B2FCC40000BB2E7 /* Utilities */ = {
			isa = PBXGroup;
			children = (
				6011E6B72B2FCC58000BB2E7 /* ErrorMessage.swift */,
				6011E6BE2B31E868000BB2E7 /* UIHelper.swift */,
			);
			path = Utilities;
			sourceTree = "<group>";
		};
		6011E6B92B3097D0000BB2E7 /* Cells */ = {
			isa = PBXGroup;
			children = (
				6011E6BA2B3097F1000BB2E7 /* FollowerCell.swift */,
			);
			path = Cells;
			sourceTree = "<group>";
		};
		604AC8B92B1D35C600D2E9EC = {
			isa = PBXGroup;
			children = (
				604AC8C42B1D35C600D2E9EC /* GHFollower */,
				604AC8C32B1D35C600D2E9EC /* Products */,
			);
			sourceTree = "<group>";
		};
		604AC8C32B1D35C600D2E9EC /* Products */ = {
			isa = PBXGroup;
			children = (
				604AC8C22B1D35C600D2E9EC /* GHFollower.app */,
			);
			name = Products;
			sourceTree = "<group>";
		};
		604AC8C42B1D35C600D2E9EC /* GHFollower */ = {
			isa = PBXGroup;
			children = (
				6011E6AD2B2D34F3000BB2E7 /* Support */,
				6011E6B62B2FCC40000BB2E7 /* Utilities */,
				6011E6B32B2E0E83000BB2E7 /* Managers */,
				6011E6AE2B2E02C5000BB2E7 /* Model */,
				6011E6AC2B2D348B000BB2E7 /* Extensions */,
				6011E6AB2B2D3448000BB2E7 /* Custom Views */,
				6011E6AA2B2D33D4000BB2E7 /* Controllers */,
				604AC8D62B1D35C600D2E9EC /* Info.plist */,
				604AC8CE2B1D35C600D2E9EC /* GHFollower.xcdatamodeld */,
			);
			path = GHFollower;
			sourceTree = "<group>";
		};
/* End PBXGroup section */

/* Begin PBXNativeTarget section */
		604AC8C12B1D35C600D2E9EC /* GHFollower */ = {
			isa = PBXNativeTarget;
			buildConfigurationList = 604AC8D92B1D35C600D2E9EC /* Build configuration list for PBXNativeTarget "GHFollower" */;
			buildPhases = (
				604AC8BE2B1D35C600D2E9EC /* Sources */,
				604AC8BF2B1D35C600D2E9EC /* Frameworks */,
				604AC8C02B1D35C600D2E9EC /* Resources */,
			);
			buildRules = (
			);
			dependencies = (
			);
			name = GHFollower;
			productName = GHFollower;
			productReference = 604AC8C22B1D35C600D2E9EC /* GHFollower.app */;
			productType = "com.apple.product-type.application";
		};
/* End PBXNativeTarget section */

/* Begin PBXProject section */
		604AC8BA2B1D35C600D2E9EC /* Project object */ = {
			isa = PBXProject;
			attributes = {
				BuildIndependentTargetsInParallel = 1;
				LastSwiftUpdateCheck = 1500;
				LastUpgradeCheck = 1500;
				TargetAttributes = {
					604AC8C12B1D35C600D2E9EC = {
						CreatedOnToolsVersion = 15.0.1;
					};
				};
			};
			buildConfigurationList = 604AC8BD2B1D35C600D2E9EC /* Build configuration list for PBXProject "GHFollower" */;
			compatibilityVersion = "Xcode 14.0";
			developmentRegion = en;
			hasScannedForEncodings = 0;
			knownRegions = (
				en,
				Base,
			);
			mainGroup = 604AC8B92B1D35C600D2E9EC;
			productRefGroup = 604AC8C32B1D35C600D2E9EC /* Products */;
			projectDirPath = "";
			projectRoot = "";
			targets = (
				604AC8C12B1D35C600D2E9EC /* GHFollower */,
			);
		};
/* End PBXProject section */

/* Begin PBXResourcesBuildPhase section */
		604AC8C02B1D35C600D2E9EC /* Resources */ = {
			isa = PBXResourcesBuildPhase;
			buildActionMask = 2147483647;
			files = (
				604AC8D52B1D35C600D2E9EC /* LaunchScreen.storyboard in Resources */,
				604AC8D22B1D35C600D2E9EC /* Assets.xcassets in Resources */,
			);
			runOnlyForDeploymentPostprocessing = 0;
		};
/* End PBXResourcesBuildPhase section */

/* Begin PBXSourcesBuildPhase section */
		604AC8BE2B1D35C600D2E9EC /* Sources */ = {
			isa = PBXSourcesBuildPhase;
			buildActionMask = 2147483647;
			files = (
				60EFBA822B2A4386004332FE /* SearchVC.swift in Sources */,
				604AC8D02B1D35C600D2E9EC /* GHFollower.xcdatamodeld in Sources */,
				60EFBA922B2CEB93004332FE /* UIViewController+Ext.swift in Sources */,
				60EFBA862B2BA197004332FE /* GFButton.swift in Sources */,
				60EFBA842B2A47D1004332FE /* FavoritesListVC.swift in Sources */,
				604AC8C62B1D35C600D2E9EC /* AppDelegate.swift in Sources */,
				6011E6B22B2E0493000BB2E7 /* User.swift in Sources */,
				6011E6BB2B3097F1000BB2E7 /* FollowerCell.swift in Sources */,
				6011E6BD2B30989B000BB2E7 /* GFAvatarImageView.swift in Sources */,
				60EFBA902B2CE0E3004332FE /* GFAlertVC.swift in Sources */,
				6011E6B02B2E02D7000BB2E7 /* Follower.swift in Sources */,
				604AC8C82B1D35C600D2E9EC /* SceneDelegate.swift in Sources */,
				60EFBA8C2B2CD98C004332FE /* GFTitleLabel.swift in Sources */,
				60EFBA8A2B2CCA3F004332FE /* FollowerListVC.swift in Sources */,
				6011E6B82B2FCC58000BB2E7 /* ErrorMessage.swift in Sources */,
				6011E6BF2B31E868000BB2E7 /* UIHelper.swift in Sources */,
				6011E6B52B2E0EA1000BB2E7 /* NetworkManager.swift in Sources */,
				60EFBA882B2BA894004332FE /* GFTextField.swift in Sources */,
				60EFBA8E2B2CDE08004332FE /* GFBodyLabel.swift in Sources */,
			);
			runOnlyForDeploymentPostprocessing = 0;
		};
/* End PBXSourcesBuildPhase section */

/* Begin PBXVariantGroup section */
		604AC8D32B1D35C600D2E9EC /* LaunchScreen.storyboard */ = {
			isa = PBXVariantGroup;
			children = (
				604AC8D42B1D35C600D2E9EC /* Base */,
			);
			name = LaunchScreen.storyboard;
			sourceTree = "<group>";
		};
/* End PBXVariantGroup section */

/* Begin XCBuildConfiguration section */
		604AC8D72B1D35C600D2E9EC /* Debug */ = {
			isa = XCBuildConfiguration;
			buildSettings = {
				ALWAYS_SEARCH_USER_PATHS = NO;
				ASSETCATALOG_COMPILER_GENERATE_SWIFT_ASSET_SYMBOL_EXTENSIONS = YES;
				CLANG_ANALYZER_NONNULL = YES;
				CLANG_ANALYZER_NUMBER_OBJECT_CONVERSION = YES_AGGRESSIVE;
				CLANG_CXX_LANGUAGE_STANDARD = "gnu++20";
				CLANG_ENABLE_MODULES = YES;
				CLANG_ENABLE_OBJC_ARC = YES;
				CLANG_ENABLE_OBJC_WEAK = YES;
				CLANG_WARN_BLOCK_CAPTURE_AUTORELEASING = YES;
				CLANG_WARN_BOOL_CONVERSION = YES;
				CLANG_WARN_COMMA = YES;
				CLANG_WARN_CONSTANT_CONVERSION = YES;
				CLANG_WARN_DEPRECATED_OBJC_IMPLEMENTATIONS = YES;
				CLANG_WARN_DIRECT_OBJC_ISA_USAGE = YES_ERROR;
				CLANG_WARN_DOCUMENTATION_COMMENTS = YES;
				CLANG_WARN_EMPTY_BODY = YES;
				CLANG_WARN_ENUM_CONVERSION = YES;
				CLANG_WARN_INFINITE_RECURSION = YES;
				CLANG_WARN_INT_CONVERSION = YES;
				CLANG_WARN_NON_LITERAL_NULL_CONVERSION = YES;
				CLANG_WARN_OBJC_IMPLICIT_RETAIN_SELF = YES;
				CLANG_WARN_OBJC_LITERAL_CONVERSION = YES;
				CLANG_WARN_OBJC_ROOT_CLASS = YES_ERROR;
				CLANG_WARN_QUOTED_INCLUDE_IN_FRAMEWORK_HEADER = YES;
				CLANG_WARN_RANGE_LOOP_ANALYSIS = YES;
				CLANG_WARN_STRICT_PROTOTYPES = YES;
				CLANG_WARN_SUSPICIOUS_MOVE = YES;
				CLANG_WARN_UNGUARDED_AVAILABILITY = YES_AGGRESSIVE;
				CLANG_WARN_UNREACHABLE_CODE = YES;
				CLANG_WARN__DUPLICATE_METHOD_MATCH = YES;
				COPY_PHASE_STRIP = NO;
				DEBUG_INFORMATION_FORMAT = dwarf;
				ENABLE_STRICT_OBJC_MSGSEND = YES;
				ENABLE_TESTABILITY = YES;
				ENABLE_USER_SCRIPT_SANDBOXING = YES;
				GCC_C_LANGUAGE_STANDARD = gnu17;
				GCC_DYNAMIC_NO_PIC = NO;
				GCC_NO_COMMON_BLOCKS = YES;
				GCC_OPTIMIZATION_LEVEL = 0;
				GCC_PREPROCESSOR_DEFINITIONS = (
					"DEBUG=1",
					"$(inherited)",
				);
				GCC_WARN_64_TO_32_BIT_CONVERSION = YES;
				GCC_WARN_ABOUT_RETURN_TYPE = YES_ERROR;
				GCC_WARN_UNDECLARED_SELECTOR = YES;
				GCC_WARN_UNINITIALIZED_AUTOS = YES_AGGRESSIVE;
				GCC_WARN_UNUSED_FUNCTION = YES;
				GCC_WARN_UNUSED_VARIABLE = YES;
				IPHONEOS_DEPLOYMENT_TARGET = 17.0;
				LOCALIZATION_PREFERS_STRING_CATALOGS = YES;
				MTL_ENABLE_DEBUG_INFO = INCLUDE_SOURCE;
				MTL_FAST_MATH = YES;
				ONLY_ACTIVE_ARCH = YES;
				SDKROOT = iphoneos;
				SWIFT_ACTIVE_COMPILATION_CONDITIONS = "DEBUG $(inherited)";
				SWIFT_OPTIMIZATION_LEVEL = "-Onone";
			};
			name = Debug;
		};
		604AC8D82B1D35C600D2E9EC /* Release */ = {
			isa = XCBuildConfiguration;
			buildSettings = {
				ALWAYS_SEARCH_USER_PATHS = NO;
				ASSETCATALOG_COMPILER_GENERATE_SWIFT_ASSET_SYMBOL_EXTENSIONS = YES;
				CLANG_ANALYZER_NONNULL = YES;
				CLANG_ANALYZER_NUMBER_OBJECT_CONVERSION = YES_AGGRESSIVE;
				CLANG_CXX_LANGUAGE_STANDARD = "gnu++20";
				CLANG_ENABLE_MODULES = YES;
				CLANG_ENABLE_OBJC_ARC = YES;
				CLANG_ENABLE_OBJC_WEAK = YES;
				CLANG_WARN_BLOCK_CAPTURE_AUTORELEASING = YES;
				CLANG_WARN_BOOL_CONVERSION = YES;
				CLANG_WARN_COMMA = YES;
				CLANG_WARN_CONSTANT_CONVERSION = YES;
				CLANG_WARN_DEPRECATED_OBJC_IMPLEMENTATIONS = YES;
				CLANG_WARN_DIRECT_OBJC_ISA_USAGE = YES_ERROR;
				CLANG_WARN_DOCUMENTATION_COMMENTS = YES;
				CLANG_WARN_EMPTY_BODY = YES;
				CLANG_WARN_ENUM_CONVERSION = YES;
				CLANG_WARN_INFINITE_RECURSION = YES;
				CLANG_WARN_INT_CONVERSION = YES;
				CLANG_WARN_NON_LITERAL_NULL_CONVERSION = YES;
				CLANG_WARN_OBJC_IMPLICIT_RETAIN_SELF = YES;
				CLANG_WARN_OBJC_LITERAL_CONVERSION = YES;
				CLANG_WARN_OBJC_ROOT_CLASS = YES_ERROR;
				CLANG_WARN_QUOTED_INCLUDE_IN_FRAMEWORK_HEADER = YES;
				CLANG_WARN_RANGE_LOOP_ANALYSIS = YES;
				CLANG_WARN_STRICT_PROTOTYPES = YES;
				CLANG_WARN_SUSPICIOUS_MOVE = YES;
				CLANG_WARN_UNGUARDED_AVAILABILITY = YES_AGGRESSIVE;
				CLANG_WARN_UNREACHABLE_CODE = YES;
				CLANG_WARN__DUPLICATE_METHOD_MATCH = YES;
				COPY_PHASE_STRIP = NO;
				DEBUG_INFORMATION_FORMAT = "dwarf-with-dsym";
				ENABLE_NS_ASSERTIONS = NO;
				ENABLE_STRICT_OBJC_MSGSEND = YES;
				ENABLE_USER_SCRIPT_SANDBOXING = YES;
				GCC_C_LANGUAGE_STANDARD = gnu17;
				GCC_NO_COMMON_BLOCKS = YES;
				GCC_WARN_64_TO_32_BIT_CONVERSION = YES;
				GCC_WARN_ABOUT_RETURN_TYPE = YES_ERROR;
				GCC_WARN_UNDECLARED_SELECTOR = YES;
				GCC_WARN_UNINITIALIZED_AUTOS = YES_AGGRESSIVE;
				GCC_WARN_UNUSED_FUNCTION = YES;
				GCC_WARN_UNUSED_VARIABLE = YES;
				IPHONEOS_DEPLOYMENT_TARGET = 17.0;
				LOCALIZATION_PREFERS_STRING_CATALOGS = YES;
				MTL_ENABLE_DEBUG_INFO = NO;
				MTL_FAST_MATH = YES;
				SDKROOT = iphoneos;
				SWIFT_COMPILATION_MODE = wholemodule;
				VALIDATE_PRODUCT = YES;
			};
			name = Release;
		};
		604AC8DA2B1D35C600D2E9EC /* Debug */ = {
			isa = XCBuildConfiguration;
			buildSettings = {
				ASSETCATALOG_COMPILER_APPICON_NAME = AppIcon;
				ASSETCATALOG_COMPILER_GLOBAL_ACCENT_COLOR_NAME = AccentColor;
				CODE_SIGN_STYLE = Automatic;
				CURRENT_PROJECT_VERSION = 1;
				DEVELOPMENT_TEAM = 2XP9JWLHYD;
				GENERATE_INFOPLIST_FILE = YES;
				INFOPLIST_FILE = GHFollower/Info.plist;
				INFOPLIST_KEY_UIApplicationSupportsIndirectInputEvents = YES;
				INFOPLIST_KEY_UILaunchStoryboardName = LaunchScreen;
				INFOPLIST_KEY_UISupportedInterfaceOrientations = UIInterfaceOrientationPortrait;
				INFOPLIST_KEY_UISupportedInterfaceOrientations_iPad = "UIInterfaceOrientationLandscapeLeft UIInterfaceOrientationLandscapeRight UIInterfaceOrientationPortrait UIInterfaceOrientationPortraitUpsideDown";
				IPHONEOS_DEPLOYMENT_TARGET = 17.0;
				LD_RUNPATH_SEARCH_PATHS = (
					"$(inherited)",
					"@executable_path/Frameworks",
				);
				MARKETING_VERSION = 1.0;
				PRODUCT_BUNDLE_IDENTIFIER = com.papuashvilizuka.GHFollower;
				PRODUCT_NAME = "$(TARGET_NAME)";
				SUPPORTED_PLATFORMS = "iphoneos iphonesimulator";
				SUPPORTS_MACCATALYST = NO;
				SUPPORTS_MAC_DESIGNED_FOR_IPHONE_IPAD = NO;
				SWIFT_EMIT_LOC_STRINGS = YES;
				SWIFT_VERSION = 5.0;
				TARGETED_DEVICE_FAMILY = 1;
			};
			name = Debug;
		};
		604AC8DB2B1D35C600D2E9EC /* Release */ = {
			isa = XCBuildConfiguration;
			buildSettings = {
				ASSETCATALOG_COMPILER_APPICON_NAME = AppIcon;
				ASSETCATALOG_COMPILER_GLOBAL_ACCENT_COLOR_NAME = AccentColor;
				CODE_SIGN_STYLE = Automatic;
				CURRENT_PROJECT_VERSION = 1;
				DEVELOPMENT_TEAM = 2XP9JWLHYD;
				GENERATE_INFOPLIST_FILE = YES;
				INFOPLIST_FILE = GHFollower/Info.plist;
				INFOPLIST_KEY_UIApplicationSupportsIndirectInputEvents = YES;
				INFOPLIST_KEY_UILaunchStoryboardName = LaunchScreen;
				INFOPLIST_KEY_UISupportedInterfaceOrientations = UIInterfaceOrientationPortrait;
				INFOPLIST_KEY_UISupportedInterfaceOrientations_iPad = "UIInterfaceOrientationLandscapeLeft UIInterfaceOrientationLandscapeRight UIInterfaceOrientationPortrait UIInterfaceOrientationPortraitUpsideDown";
				IPHONEOS_DEPLOYMENT_TARGET = 17.0;
				LD_RUNPATH_SEARCH_PATHS = (
					"$(inherited)",
					"@executable_path/Frameworks",
				);
				MARKETING_VERSION = 1.0;
				PRODUCT_BUNDLE_IDENTIFIER = com.papuashvilizuka.GHFollower;
				PRODUCT_NAME = "$(TARGET_NAME)";
				SUPPORTED_PLATFORMS = "iphoneos iphonesimulator";
				SUPPORTS_MACCATALYST = NO;
				SUPPORTS_MAC_DESIGNED_FOR_IPHONE_IPAD = NO;
				SWIFT_EMIT_LOC_STRINGS = YES;
				SWIFT_VERSION = 5.0;
				TARGETED_DEVICE_FAMILY = 1;
			};
			name = Release;
		};
/* End XCBuildConfiguration section */

/* Begin XCConfigurationList section */
		604AC8BD2B1D35C600D2E9EC /* Build configuration list for PBXProject "GHFollower" */ = {
			isa = XCConfigurationList;
			buildConfigurations = (
				604AC8D72B1D35C600D2E9EC /* Debug */,
				604AC8D82B1D35C600D2E9EC /* Release */,
			);
			defaultConfigurationIsVisible = 0;
			defaultConfigurationName = Release;
		};
		604AC8D92B1D35C600D2E9EC /* Build configuration list for PBXNativeTarget "GHFollower" */ = {
			isa = XCConfigurationList;
			buildConfigurations = (
				604AC8DA2B1D35C600D2E9EC /* Debug */,
				604AC8DB2B1D35C600D2E9EC /* Release */,
			);
			defaultConfigurationIsVisible = 0;
			defaultConfigurationName = Release;
		};
/* End XCConfigurationList section */

/* Begin XCVersionGroup section */
		604AC8CE2B1D35C600D2E9EC /* GHFollower.xcdatamodeld */ = {
			isa = XCVersionGroup;
			children = (
				604AC8CF2B1D35C600D2E9EC /* GHFollower.xcdatamodel */,
			);
			currentVersion = 604AC8CF2B1D35C600D2E9EC /* GHFollower.xcdatamodel */;
			path = GHFollower.xcdatamodeld;
			sourceTree = "<group>";
			versionGroupType = wrapper.xcdatamodel;
		};
/* End XCVersionGroup section */
	};
	rootObject = 604AC8BA2B1D35C600D2E9EC /* Project object */;
}
